# This file is automatically @generated by Poetry 1.6.1 and should not be changed by hand.

[[package]]
name = "aiofiles"
version = "23.2.1"
description = "File support for asyncio."
optional = false
python-versions = ">=3.7"
files = [
    {file = "aiofiles-23.2.1-py3-none-any.whl", hash = "sha256:19297512c647d4b27a2cf7c34caa7e405c0d60b5560618a29a9fe027b18b0107"},
    {file = "aiofiles-23.2.1.tar.gz", hash = "sha256:84ec2218d8419404abcb9f0c02df3f34c6e0a68ed41072acfb1cef5cbc29051a"},
]

[[package]]
name = "asyncio"
version = "3.4.3"
description = "reference implementation of PEP 3156"
optional = false
python-versions = "*"
files = [
    {file = "asyncio-3.4.3-cp33-none-win32.whl", hash = "sha256:b62c9157d36187eca799c378e572c969f0da87cd5fc42ca372d92cdb06e7e1de"},
    {file = "asyncio-3.4.3-cp33-none-win_amd64.whl", hash = "sha256:c46a87b48213d7464f22d9a497b9eef8c1928b68320a2fa94240f969f6fec08c"},
    {file = "asyncio-3.4.3-py3-none-any.whl", hash = "sha256:c4d18b22701821de07bd6aea8b53d21449ec0ec5680645e5317062ea21817d2d"},
    {file = "asyncio-3.4.3.tar.gz", hash = "sha256:83360ff8bc97980e4ff25c964c7bd3923d333d177aa4f7fb736b019f26c7cb41"},
]

[metadata]
lock-version = "2.0"
python-versions = ">=3.9,<3.12"
content-hash = "f2af8d643f8f87db9173c7712ba3c111a028bd574d840e89d9613d0f2c4b72fc"
